
Microsoft Visual Studio Solution File, Format Version 12.00
# Visual Studio 2013
VisualStudioVersion = 12.0.21005.1
MinimumVisualStudioVersion = 10.0.40219.1
Project("{8BC9CEB8-8B4A-11D0-8D11-00A0C91BC942}") = "test_01", "test_01\test_01.vcxproj", "{C8F66F14-6830-4687-A871-B2EAB327324D}"
EndProject
Project("{8BC9CEB8-8B4A-11D0-8D11-00A0C91BC942}") = "istringstream", "multiple_console\multiple_console.vcxproj", "{060E1644-6741-49CF-8CD9-9F057A6F244D}"
EndProject
Global
	GlobalSection(SolutionConfigurationPlatforms) = preSolution
		Debug|Any CPU = Debug|Any CPU
		Debug|Mixed Platforms = Debug|Mixed Platforms
		Debug|Win32 = Debug|Win32
		Release|Any CPU = Release|Any CPU
		Release|Mixed Platforms = Release|Mixed Platforms
		Release|Win32 = Release|Win32
	EndGlobalSection
	GlobalSection(ProjectConfigurationPlatforms) = postSolution
		{C8F66F14-6830-4687-A871-B2EAB327324D}.Debug|Any CPU.ActiveCfg = Debug|Win32
		{C8F66F14-6830-4687-A871-B2EAB327324D}.Debug|Mixed Platforms.ActiveCfg = Debug|Win32
		{C8F66F14-6830-4687-A871-B2EAB327324D}.Debug|Mixed Platforms.Build.0 = Debug|Win32
		{C8F66F14-6830-4687-A871-B2EAB327324D}.Debug|Win32.ActiveCfg = Debug|Win32
		{C8F66F14-6830-4687-A871-B2EAB327324D}.Debug|Win32.Build.0 = Debug|Win32
		{C8F66F14-6830-4687-A871-B2EAB327324D}.Release|Any CPU.ActiveCfg = Release|Win32
		{C8F66F14-6830-4687-A871-B2EAB327324D}.Release|Mixed Platforms.ActiveCfg = Release|Win32
		{C8F66F14-6830-4687-A871-B2EAB327324D}.Release|Mixed Platforms.Build.0 = Release|Win32
		{C8F66F14-6830-4687-A871-B2EAB327324D}.Release|Win32.ActiveCfg = Release|Win32
		{C8F66F14-6830-4687-A871-B2EAB327324D}.Release|Win32.Build.0 = Release|Win32
		{060E1644-6741-49CF-8CD9-9F057A6F244D}.Debug|Any CPU.ActiveCfg = Debug|Win32
		{060E1644-6741-49CF-8CD9-9F057A6F244D}.Debug|Mixed Platforms.ActiveCfg = Debug|Win32
		{060E1644-6741-49CF-8CD9-9F057A6F244D}.Debug|Mixed Platforms.Build.0 = Debug|Win32
		{060E1644-6741-49CF-8CD9-9F057A6F244D}.Debug|Win32.ActiveCfg = Debug|Win32
		{060E1644-6741-49CF-8CD9-9F057A6F244D}.Debug|Win32.Build.0 = Debug|Win32
		{060E1644-6741-49CF-8CD9-9F057A6F244D}.Release|Any CPU.ActiveCfg = Release|Win32
		{060E1644-6741-49CF-8CD9-9F057A6F244D}.Release|Mixed Platforms.ActiveCfg = Release|Win32
		{060E1644-6741-49CF-8CD9-9F057A6F244D}.Release|Mixed Platforms.Build.0 = Release|Win32
		{060E1644-6741-49CF-8CD9-9F057A6F244D}.Release|Win32.ActiveCfg = Release|Win32
		{060E1644-6741-49CF-8CD9-9F057A6F244D}.Release|Win32.Build.0 = Release|Win32
	EndGlobalSection
	GlobalSection(SolutionProperties) = preSolution
		HideSolutionNode = FALSE
	EndGlobalSection
EndGlobal
